
Microsoft Visual Studio Solution File, Format Version 12.00
# Visual Studio Version 17
VisualStudioVersion = 17.3.32929.385
MinimumVisualStudioVersion = 10.0.40219.1
Project("{9A19103F-16F7-4668-BE54-9A1E7A4F7556}") = "InoDayJenkins", "Api\InoDayJenkins.csproj", "{7359D62D-BBA1-498F-AF59-F94ECB77D536}"
EndProject
Project("{9A19103F-16F7-4668-BE54-9A1E7A4F7556}") = "InnoDayJenkinsTest", "Test\InnoDayJenkinsTest.csproj", "{6FED9CE5-2C6E-489A-BB46-97F8C4D54071}"
EndProject
Global
	GlobalSection(SolutionConfigurationPlatforms) = preSolution
		Debug|Any CPU = Debug|Any CPU
		Release|Any CPU = Release|Any CPU
	EndGlobalSection
	GlobalSection(ProjectConfigurationPlatforms) = postSolution
		{7359D62D-BBA1-498F-AF59-F94ECB77D536}.Debug|Any CPU.ActiveCfg = Debug|Any CPU
		{7359D62D-BBA1-498F-AF59-F94ECB77D536}.Debug|Any CPU.Build.0 = Debug|Any CPU
		{7359D62D-BBA1-498F-AF59-F94ECB77D536}.Release|Any CPU.ActiveCfg = Release|Any CPU
		{7359D62D-BBA1-498F-AF59-F94ECB77D536}.Release|Any CPU.Build.0 = Release|Any CPU
		{6FED9CE5-2C6E-489A-BB46-97F8C4D54071}.Debug|Any CPU.ActiveCfg = Debug|Any CPU
		{6FED9CE5-2C6E-489A-BB46-97F8C4D54071}.Debug|Any CPU.Build.0 = Debug|Any CPU
		{6FED9CE5-2C6E-489A-BB46-97F8C4D54071}.Release|Any CPU.ActiveCfg = Release|Any CPU
		{6FED9CE5-2C6E-489A-BB46-97F8C4D54071}.Release|Any CPU.Build.0 = Release|Any CPU
	EndGlobalSection
	GlobalSection(SolutionProperties) = preSolution
		HideSolutionNode = FALSE
	EndGlobalSection
	GlobalSection(ExtensibilityGlobals) = postSolution
		SolutionGuid = {91C6CA0C-7431-42F7-893F-1953B6872F67}
	EndGlobalSection
EndGlobal
